// !$*UTF8*$!
{
	archiveVersion = 1;
	classes = {
	};
	objectVersion = 50;
	objects = {

/* Begin PBXBuildFile section */
		21B4E09B2697517300CCAAA7 /* Tests_iOS.swift in Sources */ = {isa = PBXBuildFile; fileRef = 21B4E09A2697517300CCAAA7 /* Tests_iOS.swift */; };
		21B4E0A62697517300CCAAA7 /* Tests_macOS.swift in Sources */ = {isa = PBXBuildFile; fileRef = 21B4E0A52697517300CCAAA7 /* Tests_macOS.swift */; };
		21B4E0A82697517300CCAAA7 /* Guided_LightApp.swift in Sources */ = {isa = PBXBuildFile; fileRef = 21B4E07F2697516E00CCAAA7 /* Guided_LightApp.swift */; };
		21B4E0A92697517300CCAAA7 /* Guided_LightApp.swift in Sources */ = {isa = PBXBuildFile; fileRef = 21B4E07F2697516E00CCAAA7 /* Guided_LightApp.swift */; };
		21B4E0AA2697517300CCAAA7 /* ContentView.swift in Sources */ = {isa = PBXBuildFile; fileRef = 21B4E0802697516E00CCAAA7 /* ContentView.swift */; };
		21B4E0AB2697517300CCAAA7 /* ContentView.swift in Sources */ = {isa = PBXBuildFile; fileRef = 21B4E0802697516E00CCAAA7 /* ContentView.swift */; };
		21B4E0AC2697517300CCAAA7 /* Assets.xcassets in Resources */ = {isa = PBXBuildFile; fileRef = 21B4E0812697517300CCAAA7 /* Assets.xcassets */; };
		21B4E0AD2697517300CCAAA7 /* Assets.xcassets in Resources */ = {isa = PBXBuildFile; fileRef = 21B4E0812697517300CCAAA7 /* Assets.xcassets */; };
/* End PBXBuildFile section */

/* Begin PBXContainerItemProxy section */
		21B4E0972697517300CCAAA7 /* PBXContainerItemProxy */ = {
			isa = PBXContainerItemProxy;
			containerPortal = 21B4E07A2697516E00CCAAA7 /* Project object */;
			proxyType = 1;
			remoteGlobalIDString = 21B4E0852697517300CCAAA7;
			remoteInfo = "Guided Light (iOS)";
		};
		21B4E0A22697517300CCAAA7 /* PBXContainerItemProxy */ = {
			isa = PBXContainerItemProxy;
			containerPortal = 21B4E07A2697516E00CCAAA7 /* Project object */;
			proxyType = 1;
			remoteGlobalIDString = 21B4E08D2697517300CCAAA7;
			remoteInfo = "Guided Light (macOS)";
		};
/* End PBXContainerItemProxy section */

/* Begin PBXFileReference section */
		21B4E07F2697516E00CCAAA7 /* Guided_LightApp.swift */ = {isa = PBXFileReference; lastKnownFileType = sourcecode.swift; path = Guided_LightApp.swift; sourceTree = "<group>"; };
		21B4E0802697516E00CCAAA7 /* ContentView.swift */ = {isa = PBXFileReference; lastKnownFileType = sourcecode.swift; path = ContentView.swift; sourceTree = "<group>"; };
		21B4E0812697517300CCAAA7 /* Assets.xcassets */ = {isa = PBXFileReference; lastKnownFileType = folder.assetcatalog; path = Assets.xcassets; sourceTree = "<group>"; };
		21B4E0862697517300CCAAA7 /* Guided Light.app */ = {isa = PBXFileReference; explicitFileType = wrapper.application; includeInIndex = 0; path = "Guided Light.app"; sourceTree = BUILT_PRODUCTS_DIR; };
		21B4E0892697517300CCAAA7 /* Info.plist */ = {isa = PBXFileReference; lastKnownFileType = text.plist.xml; path = Info.plist; sourceTree = "<group>"; };
		21B4E08E2697517300CCAAA7 /* Guided Light.app */ = {isa = PBXFileReference; explicitFileType = wrapper.application; includeInIndex = 0; path = "Guided Light.app"; sourceTree = BUILT_PRODUCTS_DIR; };
		21B4E0902697517300CCAAA7 /* Info.plist */ = {isa = PBXFileReference; lastKnownFileType = text.plist.xml; path = Info.plist; sourceTree = "<group>"; };
		21B4E0912697517300CCAAA7 /* macOS.entitlements */ = {isa = PBXFileReference; lastKnownFileType = text.plist.entitlements; path = macOS.entitlements; sourceTree = "<group>"; };
		21B4E0962697517300CCAAA7 /* Tests iOS.xctest */ = {isa = PBXFileReference; explicitFileType = wrapper.cfbundle; includeInIndex = 0; path = "Tests iOS.xctest"; sourceTree = BUILT_PRODUCTS_DIR; };
		21B4E09A2697517300CCAAA7 /* Tests_iOS.swift */ = {isa = PBXFileReference; lastKnownFileType = sourcecode.swift; path = Tests_iOS.swift; sourceTree = "<group>"; };
		21B4E09C2697517300CCAAA7 /* Info.plist */ = {isa = PBXFileReference; lastKnownFileType = text.plist.xml; path = Info.plist; sourceTree = "<group>"; };
		21B4E0A12697517300CCAAA7 /* Tests macOS.xctest */ = {isa = PBXFileReference; explicitFileType = wrapper.cfbundle; includeInIndex = 0; path = "Tests macOS.xctest"; sourceTree = BUILT_PRODUCTS_DIR; };
		21B4E0A52697517300CCAAA7 /* Tests_macOS.swift */ = {isa = PBXFileReference; lastKnownFileType = sourcecode.swift; path = Tests_macOS.swift; sourceTree = "<group>"; };
		21B4E0A72697517300CCAAA7 /* Info.plist */ = {isa = PBXFileReference; lastKnownFileType = text.plist.xml; path = Info.plist; sourceTree = "<group>"; };
/* End PBXFileReference section */

/* Begin PBXFrameworksBuildPhase section */
		21B4E0832697517300CCAAA7 /* Frameworks */ = {
			isa = PBXFrameworksBuildPhase;
			buildActionMask = 2147483647;
			files = (
			);
			runOnlyForDeploymentPostprocessing = 0;
		};
		21B4E08B2697517300CCAAA7 /* Frameworks */ = {
			isa = PBXFrameworksBuildPhase;
			buildActionMask = 2147483647;
			files = (
			);
			runOnlyForDeploymentPostprocessing = 0;
		};
		21B4E0932697517300CCAAA7 /* Frameworks */ = {
			isa = PBXFrameworksBuildPhase;
			buildActionMask = 2147483647;
			files = (
			);
			runOnlyForDeploymentPostprocessing = 0;
		};
		21B4E09E2697517300CCAAA7 /* Frameworks */ = {
			isa = PBXFrameworksBuildPhase;
			buildActionMask = 2147483647;
			files = (
			);
			runOnlyForDeploymentPostprocessing = 0;
		};
/* End PBXFrameworksBuildPhase section */

/* Begin PBXGroup section */
		21B4E0792697516E00CCAAA7 = {
			isa = PBXGroup;
			children = (
				21B4E07E2697516E00CCAAA7 /* Shared */,
				21B4E0882697517300CCAAA7 /* iOS */,
				21B4E08F2697517300CCAAA7 /* macOS */,
				21B4E0992697517300CCAAA7 /* Tests iOS */,
				21B4E0A42697517300CCAAA7 /* Tests macOS */,
				21B4E0872697517300CCAAA7 /* Products */,
			);
			sourceTree = "<group>";
		};
		21B4E07E2697516E00CCAAA7 /* Shared */ = {
			isa = PBXGroup;
			children = (
				21B4E07F2697516E00CCAAA7 /* Guided_LightApp.swift */,
				21B4E0802697516E00CCAAA7 /* ContentView.swift */,
				21B4E0812697517300CCAAA7 /* Assets.xcassets */,
			);
			path = Shared;
			sourceTree = "<group>";
		};
		21B4E0872697517300CCAAA7 /* Products */ = {
			isa = PBXGroup;
			children = (
				21B4E0862697517300CCAAA7 /* Guided Light.app */,
				21B4E08E2697517300CCAAA7 /* Guided Light.app */,
				21B4E0962697517300CCAAA7 /* Tests iOS.xctest */,
				21B4E0A12697517300CCAAA7 /* Tests macOS.xctest */,
			);
			name = Products;
			sourceTree = "<group>";
		};
		21B4E0882697517300CCAAA7 /* iOS */ = {
			isa = PBXGroup;
			children = (
				21B4E0892697517300CCAAA7 /* Info.plist */,
			);
			path = iOS;
			sourceTree = "<group>";
		};
		21B4E08F2697517300CCAAA7 /* macOS */ = {
			isa = PBXGroup;
			children = (
				21B4E0902697517300CCAAA7 /* Info.plist */,
				21B4E0912697517300CCAAA7 /* macOS.entitlements */,
			);
			path = macOS;
			sourceTree = "<group>";
		};
		21B4E0992697517300CCAAA7 /* Tests iOS */ = {
			isa = PBXGroup;
			children = (
				21B4E09A2697517300CCAAA7 /* Tests_iOS.swift */,
				21B4E09C2697517300CCAAA7 /* Info.plist */,
			);
			path = "Tests iOS";
			sourceTree = "<group>";
		};
		21B4E0A42697517300CCAAA7 /* Tests macOS */ = {
			isa = PBXGroup;
			children = (
				21B4E0A52697517300CCAAA7 /* Tests_macOS.swift */,
				21B4E0A72697517300CCAAA7 /* Info.plist */,
			);
			path = "Tests macOS";
			sourceTree = "<group>";
		};
/* End PBXGroup section */

/* Begin PBXNativeTarget section */
		21B4E0852697517300CCAAA7 /* Guided Light (iOS) */ = {
			isa = PBXNativeTarget;
			buildConfigurationList = 21B4E0B02697517300CCAAA7 /* Build configuration list for PBXNativeTarget "Guided Light (iOS)" */;
			buildPhases = (
				21B4E0822697517300CCAAA7 /* Sources */,
				21B4E0832697517300CCAAA7 /* Frameworks */,
				21B4E0842697517300CCAAA7 /* Resources */,
			);
			buildRules = (
			);
			dependencies = (
			);
			name = "Guided Light (iOS)";
			productName = "Guided Light (iOS)";
			productReference = 21B4E0862697517300CCAAA7 /* Guided Light.app */;
			productType = "com.apple.product-type.application";
		};
		21B4E08D2697517300CCAAA7 /* Guided Light (macOS) */ = {
			isa = PBXNativeTarget;
			buildConfigurationList = 21B4E0B32697517300CCAAA7 /* Build configuration list for PBXNativeTarget "Guided Light (macOS)" */;
			buildPhases = (
				21B4E08A2697517300CCAAA7 /* Sources */,
				21B4E08B2697517300CCAAA7 /* Frameworks */,
				21B4E08C2697517300CCAAA7 /* Resources */,
			);
			buildRules = (
			);
			dependencies = (
			);
			name = "Guided Light (macOS)";
			productName = "Guided Light (macOS)";
			productReference = 21B4E08E2697517300CCAAA7 /* Guided Light.app */;
			productType = "com.apple.product-type.application";
		};
		21B4E0952697517300CCAAA7 /* Tests iOS */ = {
			isa = PBXNativeTarget;
			buildConfigurationList = 21B4E0B62697517300CCAAA7 /* Build configuration list for PBXNativeTarget "Tests iOS" */;
			buildPhases = (
				21B4E0922697517300CCAAA7 /* Sources */,
				21B4E0932697517300CCAAA7 /* Frameworks */,
				21B4E0942697517300CCAAA7 /* Resources */,
			);
			buildRules = (
			);
			dependencies = (
				21B4E0982697517300CCAAA7 /* PBXTargetDependency */,
			);
			name = "Tests iOS";
			productName = "Tests iOS";
			productReference = 21B4E0962697517300CCAAA7 /* Tests iOS.xctest */;
			productType = "com.apple.product-type.bundle.ui-testing";
		};
		21B4E0A02697517300CCAAA7 /* Tests macOS */ = {
			isa = PBXNativeTarget;
			buildConfigurationList = 21B4E0B92697517300CCAAA7 /* Build configuration list for PBXNativeTarget "Tests macOS" */;
			buildPhases = (
				21B4E09D2697517300CCAAA7 /* Sources */,
				21B4E09E2697517300CCAAA7 /* Frameworks */,
				21B4E09F2697517300CCAAA7 /* Resources */,
			);
			buildRules = (
			);
			dependencies = (
				21B4E0A32697517300CCAAA7 /* PBXTargetDependency */,
			);
			name = "Tests macOS";
			productName = "Tests macOS";
			productReference = 21B4E0A12697517300CCAAA7 /* Tests macOS.xctest */;
			productType = "com.apple.product-type.bundle.ui-testing";
		};
/* End PBXNativeTarget section */

/* Begin PBXProject section */
		21B4E07A2697516E00CCAAA7 /* Project object */ = {
			isa = PBXProject;
			attributes = {
				LastSwiftUpdateCheck = 1250;
				LastUpgradeCheck = 1250;
				TargetAttributes = {
					21B4E0852697517300CCAAA7 = {
						CreatedOnToolsVersion = 12.5.1;
					};
					21B4E08D2697517300CCAAA7 = {
						CreatedOnToolsVersion = 12.5.1;
					};
					21B4E0952697517300CCAAA7 = {
						CreatedOnToolsVersion = 12.5.1;
						TestTargetID = 21B4E0852697517300CCAAA7;
					};
					21B4E0A02697517300CCAAA7 = {
						CreatedOnToolsVersion = 12.5.1;
						TestTargetID = 21B4E08D2697517300CCAAA7;
					};
				};
			};
			buildConfigurationList = 21B4E07D2697516E00CCAAA7 /* Build configuration list for PBXProject "Guided Light" */;
			compatibilityVersion = "Xcode 9.3";
			developmentRegion = en;
			hasScannedForEncodings = 0;
			knownRegions = (
				en,
				Base,
			);
			mainGroup = 21B4E0792697516E00CCAAA7;
			productRefGroup = 21B4E0872697517300CCAAA7 /* Products */;
			projectDirPath = "";
			projectRoot = "";
			targets = (
				21B4E0852697517300CCAAA7 /* Guided Light (iOS) */,
				21B4E08D2697517300CCAAA7 /* Guided Light (macOS) */,
				21B4E0952697517300CCAAA7 /* Tests iOS */,
				21B4E0A02697517300CCAAA7 /* Tests macOS */,
			);
		};
/* End PBXProject section */

/* Begin PBXResourcesBuildPhase section */
		21B4E0842697517300CCAAA7 /* Resources */ = {
			isa = PBXResourcesBuildPhase;
			buildActionMask = 2147483647;
			files = (
				21B4E0AC2697517300CCAAA7 /* Assets.xcassets in Resources */,
			);
			runOnlyForDeploymentPostprocessing = 0;
		};
		21B4E08C2697517300CCAAA7 /* Resources */ = {
			isa = PBXResourcesBuildPhase;
			buildActionMask = 2147483647;
			files = (
				21B4E0AD2697517300CCAAA7 /* Assets.xcassets in Resources */,
			);
			runOnlyForDeploymentPostprocessing = 0;
		};
		21B4E0942697517300CCAAA7 /* Resources */ = {
			isa = PBXResourcesBuildPhase;
			buildActionMask = 2147483647;
			files = (
			);
			runOnlyForDeploymentPostprocessing = 0;
		};
		21B4E09F2697517300CCAAA7 /* Resources */ = {
			isa = PBXResourcesBuildPhase;
			buildActionMask = 2147483647;
			files = (
			);
			runOnlyForDeploymentPostprocessing = 0;
		};
/* End PBXResourcesBuildPhase section */

/* Begin PBXSourcesBuildPhase section */
		21B4E0822697517300CCAAA7 /* Sources */ = {
			isa = PBXSourcesBuildPhase;
			buildActionMask = 2147483647;
			files = (
				21B4E0AA2697517300CCAAA7 /* ContentView.swift in Sources */,
				21B4E0A82697517300CCAAA7 /* Guided_LightApp.swift in Sources */,
			);
			runOnlyForDeploymentPostprocessing = 0;
		};
		21B4E08A2697517300CCAAA7 /* Sources */ = {
			isa = PBXSourcesBuildPhase;
			buildActionMask = 2147483647;
			files = (
				21B4E0AB2697517300CCAAA7 /* ContentView.swift in Sources */,
				21B4E0A92697517300CCAAA7 /* Guided_LightApp.swift in Sources */,
			);
			runOnlyForDeploymentPostprocessing = 0;
		};
		21B4E0922697517300CCAAA7 /* Sources */ = {
			isa = PBXSourcesBuildPhase;
			buildActionMask = 2147483647;
			files = (
				21B4E09B2697517300CCAAA7 /* Tests_iOS.swift in Sources */,
			);
			runOnlyForDeploymentPostprocessing = 0;
		};
		21B4E09D2697517300CCAAA7 /* Sources */ = {
			isa = PBXSourcesBuildPhase;
			buildActionMask = 2147483647;
			files = (
				21B4E0A62697517300CCAAA7 /* Tests_macOS.swift in Sources */,
			);
			runOnlyForDeploymentPostprocessing = 0;
		};
/* End PBXSourcesBuildPhase section */

/* Begin PBXTargetDependency section */
		21B4E0982697517300CCAAA7 /* PBXTargetDependency */ = {
			isa = PBXTargetDependency;
			target = 21B4E0852697517300CCAAA7 /* Guided Light (iOS) */;
			targetProxy = 21B4E0972697517300CCAAA7 /* PBXContainerItemProxy */;
		};
		21B4E0A32697517300CCAAA7 /* PBXTargetDependency */ = {
			isa = PBXTargetDependency;
			target = 21B4E08D2697517300CCAAA7 /* Guided Light (macOS) */;
			targetProxy = 21B4E0A22697517300CCAAA7 /* PBXContainerItemProxy */;
		};
/* End PBXTargetDependency section */

/* Begin XCBuildConfiguration section */
		21B4E0AE2697517300CCAAA7 /* Debug */ = {
			isa = XCBuildConfiguration;
			buildSettings = {
				ALWAYS_SEARCH_USER_PATHS = NO;
				CLANG_ANALYZER_NONNULL = YES;
				CLANG_ANALYZER_NUMBER_OBJECT_CONVERSION = YES_AGGRESSIVE;
				CLANG_CXX_LANGUAGE_STANDARD = "gnu++14";
				CLANG_CXX_LIBRARY = "libc++";
				CLANG_ENABLE_MODULES = YES;
				CLANG_ENABLE_OBJC_ARC = YES;
				CLANG_ENABLE_OBJC_WEAK = YES;
				CLANG_WARN_BLOCK_CAPTURE_AUTORELEASING = YES;
				CLANG_WARN_BOOL_CONVERSION = YES;
				CLANG_WARN_COMMA = YES;
				CLANG_WARN_CONSTANT_CONVERSION = YES;
				CLANG_WARN_DEPRECATED_OBJC_IMPLEMENTATIONS = YES;
				CLANG_WARN_DIRECT_OBJC_ISA_USAGE = YES_ERROR;
				CLANG_WARN_DOCUMENTATION_COMMENTS = YES;
				CLANG_WARN_EMPTY_BODY = YES;
				CLANG_WARN_ENUM_CONVERSION = YES;
				CLANG_WARN_INFINITE_RECURSION = YES;
				CLANG_WARN_INT_CONVERSION = YES;
				CLANG_WARN_NON_LITERAL_NULL_CONVERSION = YES;
				CLANG_WARN_OBJC_IMPLICIT_RETAIN_SELF = YES;
				CLANG_WARN_OBJC_LITERAL_CONVERSION = YES;
				CLANG_WARN_OBJC_ROOT_CLASS = YES_ERROR;
				CLANG_WARN_QUOTED_INCLUDE_IN_FRAMEWORK_HEADER = YES;
				CLANG_WARN_RANGE_LOOP_ANALYSIS = YES;
				CLANG_WARN_STRICT_PROTOTYPES = YES;
				CLANG_WARN_SUSPICIOUS_MOVE = YES;
				CLANG_WARN_UNGUARDED_AVAILABILITY = YES_AGGRESSIVE;
				CLANG_WARN_UNREACHABLE_CODE = YES;
				CLANG_WARN__DUPLICATE_METHOD_MATCH = YES;
				COPY_PHASE_STRIP = NO;
				DEBUG_INFORMATION_FORMAT = dwarf;
				ENABLE_STRICT_OBJC_MSGSEND = YES;
				ENABLE_TESTABILITY = YES;
				GCC_C_LANGUAGE_STANDARD = gnu11;
				GCC_DYNAMIC_NO_PIC = NO;
				GCC_NO_COMMON_BLOCKS = YES;
				GCC_OPTIMIZATION_LEVEL = 0;
				GCC_PREPROCESSOR_DEFINITIONS = (
					"DEBUG=1",
					"$(inherited)",
				);
				GCC_WARN_64_TO_32_BIT_CONVERSION = YES;
				GCC_WARN_ABOUT_RETURN_TYPE = YES_ERROR;
				GCC_WARN_UNDECLARED_SELECTOR = YES;
				GCC_WARN_UNINITIALIZED_AUTOS = YES_AGGRESSIVE;
				GCC_WARN_UNUSED_FUNCTION = YES;
				GCC_WARN_UNUSED_VARIABLE = YES;
				MTL_ENABLE_DEBUG_INFO = INCLUDE_SOURCE;
				MTL_FAST_MATH = YES;
				ONLY_ACTIVE_ARCH = YES;
				SWIFT_ACTIVE_COMPILATION_CONDITIONS = DEBUG;
				SWIFT_OPTIMIZATION_LEVEL = "-Onone";
			};
			name = Debug;
		};
		21B4E0AF2697517300CCAAA7 /* Release */ = {
			isa = XCBuildConfiguration;
			buildSettings = {
				ALWAYS_SEARCH_USER_PATHS = NO;
				CLANG_ANALYZER_NONNULL = YES;
				CLANG_ANALYZER_NUMBER_OBJECT_CONVERSION = YES_AGGRESSIVE;
				CLANG_CXX_LANGUAGE_STANDARD = "gnu++14";
				CLANG_CXX_LIBRARY = "libc++";
				CLANG_ENABLE_MODULES = YES;
				CLANG_ENABLE_OBJC_ARC = YES;
				CLANG_ENABLE_OBJC_WEAK = YES;
				CLANG_WARN_BLOCK_CAPTURE_AUTORELEASING = YES;
				CLANG_WARN_BOOL_CONVERSION = YES;
				CLANG_WARN_COMMA = YES;
				CLANG_WARN_CONSTANT_CONVERSION = YES;
				CLANG_WARN_DEPRECATED_OBJC_IMPLEMENTATIONS = YES;
				CLANG_WARN_DIRECT_OBJC_ISA_USAGE = YES_ERROR;
				CLANG_WARN_DOCUMENTATION_COMMENTS = YES;
				CLANG_WARN_EMPTY_BODY = YES;
				CLANG_WARN_ENUM_CONVERSION = YES;
				CLANG_WARN_INFINITE_RECURSION = YES;
				CLANG_WARN_INT_CONVERSION = YES;
				CLANG_WARN_NON_LITERAL_NULL_CONVERSION = YES;
				CLANG_WARN_OBJC_IMPLICIT_RETAIN_SELF = YES;
				CLANG_WARN_OBJC_LITERAL_CONVERSION = YES;
				CLANG_WARN_OBJC_ROOT_CLASS = YES_ERROR;
				CLANG_WARN_QUOTED_INCLUDE_IN_FRAMEWORK_HEADER = YES;
				CLANG_WARN_RANGE_LOOP_ANALYSIS = YES;
				CLANG_WARN_STRICT_PROTOTYPES = YES;
				CLANG_WARN_SUSPICIOUS_MOVE = YES;
				CLANG_WARN_UNGUARDED_AVAILABILITY = YES_AGGRESSIVE;
				CLANG_WARN_UNREACHABLE_CODE = YES;
				CLANG_WARN__DUPLICATE_METHOD_MATCH = YES;
				COPY_PHASE_STRIP = NO;
				DEBUG_INFORMATION_FORMAT = "dwarf-with-dsym";
				ENABLE_NS_ASSERTIONS = NO;
				ENABLE_STRICT_OBJC_MSGSEND = YES;
				GCC_C_LANGUAGE_STANDARD = gnu11;
				GCC_NO_COMMON_BLOCKS = YES;
				GCC_WARN_64_TO_32_BIT_CONVERSION = YES;
				GCC_WARN_ABOUT_RETURN_TYPE = YES_ERROR;
				GCC_WARN_UNDECLARED_SELECTOR = YES;
				GCC_WARN_UNINITIALIZED_AUTOS = YES_AGGRESSIVE;
				GCC_WARN_UNUSED_FUNCTION = YES;
				GCC_WARN_UNUSED_VARIABLE = YES;
				MTL_ENABLE_DEBUG_INFO = NO;
				MTL_FAST_MATH = YES;
				SWIFT_COMPILATION_MODE = wholemodule;
				SWIFT_OPTIMIZATION_LEVEL = "-O";
			};
			name = Release;
		};
		21B4E0B12697517300CCAAA7 /* Debug */ = {
			isa = XCBuildConfiguration;
			buildSettings = {
				ASSETCATALOG_COMPILER_APPICON_NAME = AppIcon;
				ASSETCATALOG_COMPILER_GLOBAL_ACCENT_COLOR_NAME = AccentColor;
				CODE_SIGN_STYLE = Automatic;
				ENABLE_PREVIEWS = YES;
				INFOPLIST_FILE = iOS/Info.plist;
				IPHONEOS_DEPLOYMENT_TARGET = 14.0;
				LD_RUNPATH_SEARCH_PATHS = (
					"$(inherited)",
					"@executable_path/Frameworks",
				);
				PRODUCT_BUNDLE_IDENTIFIER = "ECC.Guided-Light";
				PRODUCT_NAME = "Guided Light";
				SDKROOT = iphoneos;
				SWIFT_VERSION = 5.0;
				TARGETED_DEVICE_FAMILY = "1,2";
			};
			name = Debug;
		};
		21B4E0B22697517300CCAAA7 /* Release */ = {
			isa = XCBuildConfiguration;
			buildSettings = {
				ASSETCATALOG_COMPILER_APPICON_NAME = AppIcon;
				ASSETCATALOG_COMPILER_GLOBAL_ACCENT_COLOR_NAME = AccentColor;
				CODE_SIGN_STYLE = Automatic;
				ENABLE_PREVIEWS = YES;
				INFOPLIST_FILE = iOS/Info.plist;
				IPHONEOS_DEPLOYMENT_TARGET = 14.0;
				LD_RUNPATH_SEARCH_PATHS = (
					"$(inherited)",
					"@executable_path/Frameworks",
				);
				PRODUCT_BUNDLE_IDENTIFIER = "ECC.Guided-Light";
				PRODUCT_NAME = "Guided Light";
				SDKROOT = iphoneos;
				SWIFT_VERSION = 5.0;
				TARGETED_DEVICE_FAMILY = "1,2";
				VALIDATE_PRODUCT = YES;
			};
			name = Release;
		};
		21B4E0B42697517300CCAAA7 /* Debug */ = {
			isa = XCBuildConfiguration;
			buildSettings = {
				ASSETCATALOG_COMPILER_APPICON_NAME = AppIcon;
				ASSETCATALOG_COMPILER_GLOBAL_ACCENT_COLOR_NAME = AccentColor;
				CODE_SIGN_ENTITLEMENTS = macOS/macOS.entitlements;
				CODE_SIGN_STYLE = Automatic;
				COMBINE_HIDPI_IMAGES = YES;
				ENABLE_PREVIEWS = YES;
				INFOPLIST_FILE = macOS/Info.plist;
				LD_RUNPATH_SEARCH_PATHS = (
					"$(inherited)",
					"@executable_path/../Frameworks",
				);
				MACOSX_DEPLOYMENT_TARGET = 11.0;
				PRODUCT_BUNDLE_IDENTIFIER = "ECC.Guided-Light";
				PRODUCT_NAME = "Guided Light";
				SDKROOT = macosx;
				SWIFT_VERSION = 5.0;
			};
			name = Debug;
		};
		21B4E0B52697517300CCAAA7 /* Release */ = {
			isa = XCBuildConfiguration;
			buildSettings = {
				ASSETCATALOG_COMPILER_APPICON_NAME = AppIcon;
				ASSETCATALOG_COMPILER_GLOBAL_ACCENT_COLOR_NAME = AccentColor;
				CODE_SIGN_ENTITLEMENTS = macOS/macOS.entitlements;
				CODE_SIGN_STYLE = Automatic;
				COMBINE_HIDPI_IMAGES = YES;
				ENABLE_PREVIEWS = YES;
				INFOPLIST_FILE = macOS/Info.plist;
				LD_RUNPATH_SEARCH_PATHS = (
					"$(inherited)",
					"@executable_path/../Frameworks",
				);
				MACOSX_DEPLOYMENT_TARGET = 11.0;
				PRODUCT_BUNDLE_IDENTIFIER = "ECC.Guided-Light";
				PRODUCT_NAME = "Guided Light";
				SDKROOT = macosx;
				SWIFT_VERSION = 5.0;
			};
			name = Release;
		};
		21B4E0B72697517300CCAAA7 /* Debug */ = {
			isa = XCBuildConfiguration;
			buildSettings = {
				ALWAYS_EMBED_SWIFT_STANDARD_LIBRARIES = YES;
				CODE_SIGN_STYLE = Automatic;
				INFOPLIST_FILE = "Tests iOS/Info.plist";
				IPHONEOS_DEPLOYMENT_TARGET = 14.5;
				LD_RUNPATH_SEARCH_PATHS = (
					"$(inherited)",
					"@executable_path/Frameworks",
					"@loader_path/Frameworks",
				);
				PRODUCT_BUNDLE_IDENTIFIER = "ECC.Tests-iOS";
				PRODUCT_NAME = "$(TARGET_NAME)";
				SDKROOT = iphoneos;
				SWIFT_VERSION = 5.0;
				TARGETED_DEVICE_FAMILY = "1,2";
				TEST_TARGET_NAME = "Guided Light (iOS)";
			};
			name = Debug;
		};
		21B4E0B82697517300CCAAA7 /* Release */ = {
			isa = XCBuildConfiguration;
			buildSettings = {
				ALWAYS_EMBED_SWIFT_STANDARD_LIBRARIES = YES;
				CODE_SIGN_STYLE = Automatic;
				INFOPLIST_FILE = "Tests iOS/Info.plist";
				IPHONEOS_DEPLOYMENT_TARGET = 14.5;
				LD_RUNPATH_SEARCH_PATHS = (
					"$(inherited)",
					"@executable_path/Frameworks",
					"@loader_path/Frameworks",
				);
				PRODUCT_BUNDLE_IDENTIFIER = "ECC.Tests-iOS";
				PRODUCT_NAME = "$(TARGET_NAME)";
				SDKROOT = iphoneos;
				SWIFT_VERSION = 5.0;
				TARGETED_DEVICE_FAMILY = "1,2";
				TEST_TARGET_NAME = "Guided Light (iOS)";
				VALIDATE_PRODUCT = YES;
			};
			name = Release;
		};
		21B4E0BA2697517300CCAAA7 /* Debug */ = {
			isa = XCBuildConfiguration;
			buildSettings = {
				ALWAYS_EMBED_SWIFT_STANDARD_LIBRARIES = YES;
				CODE_SIGN_STYLE = Automatic;
				COMBINE_HIDPI_IMAGES = YES;
				INFOPLIST_FILE = "Tests macOS/Info.plist";
				LD_RUNPATH_SEARCH_PATHS = (
					"$(inherited)",
					"@executable_path/../Frameworks",
					"@loader_path/../Frameworks",
				);
				MACOSX_DEPLOYMENT_TARGET = 11.3;
				PRODUCT_BUNDLE_IDENTIFIER = "ECC.Tests-macOS";
				PRODUCT_NAME = "$(TARGET_NAME)";
				SDKROOT = macosx;
				SWIFT_VERSION = 5.0;
				TEST_TARGET_NAME = "Guided Light (macOS)";
			};
			name = Debug;
		};
		21B4E0BB2697517300CCAAA7 /* Release */ = {
			isa = XCBuildConfiguration;
			buildSettings = {
				ALWAYS_EMBED_SWIFT_STANDARD_LIBRARIES = YES;
				CODE_SIGN_STYLE = Automatic;
				COMBINE_HIDPI_IMAGES = YES;
				INFOPLIST_FILE = "Tests macOS/Info.plist";
				LD_RUNPATH_SEARCH_PATHS = (
					"$(inherited)",
					"@executable_path/../Frameworks",
					"@loader_path/../Frameworks",
				);
				MACOSX_DEPLOYMENT_TARGET = 11.3;
				PRODUCT_BUNDLE_IDENTIFIER = "ECC.Tests-macOS";
				PRODUCT_NAME = "$(TARGET_NAME)";
				SDKROOT = macosx;
				SWIFT_VERSION = 5.0;
				TEST_TARGET_NAME = "Guided Light (macOS)";
			};
			name = Release;
		};
/* End XCBuildConfiguration section */

/* Begin XCConfigurationList section */
		21B4E07D2697516E00CCAAA7 /* Build configuration list for PBXProject "Guided Light" */ = {
			isa = XCConfigurationList;
			buildConfigurations = (
				21B4E0AE2697517300CCAAA7 /* Debug */,
				21B4E0AF2697517300CCAAA7 /* Release */,
			);
			defaultConfigurationIsVisible = 0;
			defaultConfigurationName = Release;
		};
		21B4E0B02697517300CCAAA7 /* Build configuration list for PBXNativeTarget "Guided Light (iOS)" */ = {
			isa = XCConfigurationList;
			buildConfigurations = (
				21B4E0B12697517300CCAAA7 /* Debug */,
				21B4E0B22697517300CCAAA7 /* Release */,
			);
			defaultConfigurationIsVisible = 0;
			defaultConfigurationName = Release;
		};
		21B4E0B32697517300CCAAA7 /* Build configuration list for PBXNativeTarget "Guided Light (macOS)" */ = {
			isa = XCConfigurationList;
			buildConfigurations = (
				21B4E0B42697517300CCAAA7 /* Debug */,
				21B4E0B52697517300CCAAA7 /* Release */,
			);
			defaultConfigurationIsVisible = 0;
			defaultConfigurationName = Release;
		};
		21B4E0B62697517300CCAAA7 /* Build configuration list for PBXNativeTarget "Tests iOS" */ = {
			isa = XCConfigurationList;
			buildConfigurations = (
				21B4E0B72697517300CCAAA7 /* Debug */,
				21B4E0B82697517300CCAAA7 /* Release */,
			);
			defaultConfigurationIsVisible = 0;
			defaultConfigurationName = Release;
		};
		21B4E0B92697517300CCAAA7 /* Build configuration list for PBXNativeTarget "Tests macOS" */ = {
			isa = XCConfigurationList;
			buildConfigurations = (
				21B4E0BA2697517300CCAAA7 /* Debug */,
				21B4E0BB2697517300CCAAA7 /* Release */,
			);
			defaultConfigurationIsVisible = 0;
			defaultConfigurationName = Release;
		};
/* End XCConfigurationList section */
	};
	rootObject = 21B4E07A2697516E00CCAAA7 /* Project object */;
}
